
Microsoft Visual Studio Solution File, Format Version 12.00
# Visual Studio Version 16
VisualStudioVersion = 16.0.30804.86
MinimumVisualStudioVersion = 10.0.40219.1
Project("{FAE04EC0-301F-11D3-BF4B-00C04F79EFBC}") = "ArtifactGesture", "ArtifactGesture\ArtifactGesture.csproj", "{D872A91C-2C18-40CE-AC04-D9A90D8F0AEE}"
EndProject
Global
	GlobalSection(SolutionConfigurationPlatforms) = preSolution
		Debug|Any CPU = Debug|Any CPU
		Release|Any CPU = Release|Any CPU
	EndGlobalSection
	GlobalSection(ProjectConfigurationPlatforms) = postSolution
		{D872A91C-2C18-40CE-AC04-D9A90D8F0AEE}.Debug|Any CPU.ActiveCfg = Debug|Any CPU
		{D872A91C-2C18-40CE-AC04-D9A90D8F0AEE}.Debug|Any CPU.Build.0 = Debug|Any CPU
		{D872A91C-2C18-40CE-AC04-D9A90D8F0AEE}.Release|Any CPU.ActiveCfg = Release|Any CPU
		{D872A91C-2C18-40CE-AC04-D9A90D8F0AEE}.Release|Any CPU.Build.0 = Release|Any CPU
	EndGlobalSection
	GlobalSection(SolutionProperties) = preSolution
		HideSolutionNode = FALSE
	EndGlobalSection
	GlobalSection(ExtensibilityGlobals) = postSolution
		SolutionGuid = {D0A45C1F-01D4-44F3-B50F-04B4015A4CA7}
	EndGlobalSection
EndGlobal
